{
  "version": "5",
  "remote": {
    "https://cdn.jsdelivr.net/npm/three@0.183.0/build/three.core.js": "6ed72f08289a29f547bb0ab96e396a1fa2e9921ecff743fd99e0fd927bc00d7c",
    "https://cdn.jsdelivr.net/npm/three@0.183.0/build/three.module.js": "d8ecc4fc0852d9690085411d17307c50e25de9dabb14f4d5a942c6ae0e2bad29"
  }
}
